
Microsoft Visual Studio Solution File, Format Version 12.00
# Visual Studio Version 17
VisualStudioVersion = 17.14.37301.10 d17.14
MinimumVisualStudioVersion = 10.0.40219.1
Project("{FAE04EC0-301F-11D3-BF4B-00C04F79EFBC}") = "Student Management System", "Student Management System\Student Management System.csproj", "{8F6C8F9F-C206-4753-9693-8F420EAC4C59}"
EndProject
Global
	GlobalSection(SolutionConfigurationPlatforms) = preSolution
		Debug|Any CPU = Debug|Any CPU
		Release|Any CPU = Release|Any CPU
	EndGlobalSection
	GlobalSection(ProjectConfigurationPlatforms) = postSolution
		{8F6C8F9F-C206-4753-9693-8F420EAC4C59}.Debug|Any CPU.ActiveCfg = Debug|Any CPU
		{8F6C8F9F-C206-4753-9693-8F420EAC4C59}.Debug|Any CPU.Build.0 = Debug|Any CPU
		{8F6C8F9F-C206-4753-9693-8F420EAC4C59}.Release|Any CPU.ActiveCfg = Release|Any CPU
		{8F6C8F9F-C206-4753-9693-8F420EAC4C59}.Release|Any CPU.Build.0 = Release|Any CPU
	EndGlobalSection
	GlobalSection(SolutionProperties) = preSolution
		HideSolutionNode = FALSE
	EndGlobalSection
	GlobalSection(ExtensibilityGlobals) = postSolution
		SolutionGuid = {612188A1-6205-4F1C-8AB2-27309C31B5F3}
	EndGlobalSection
EndGlobal
